
Microsoft Visual Studio Solution File, Format Version 12.00
# Visual Studio Version 17
VisualStudioVersion = 17.10.35122.118
MinimumVisualStudioVersion = 10.0.40219.1
Project("{9A19103F-16F7-4668-BE54-9A1E7A4F7556}") = "Telemetry.Service1", "Telemetry.Service1\Telemetry.Service1.csproj", "{D6E9A499-13DA-4AAE-A204-65F8D62B7C2C}"
EndProject
Project("{9A19103F-16F7-4668-BE54-9A1E7A4F7556}") = "Telemetry.OpenTelemetry.AzureMonitor", "Telemetry.OpenTelemetry.AzureMonitor\Telemetry.OpenTelemetry.AzureMonitor.csproj", "{2B4522FD-1C2C-4473-8023-42CBC60E866C}"
EndProject
Project("{FAE04EC0-301F-11D3-BF4B-00C04F79EFBC}") = "Telemetry.OpenTelemetry", "Telemetry.OpenTelemetry\Telemetry.OpenTelemetry.csproj", "{D6C6E5F5-0BEF-45E9-9854-DAE7E511D9F2}"
EndProject
Global
	GlobalSection(SolutionConfigurationPlatforms) = preSolution
		Debug|Any CPU = Debug|Any CPU
		Release|Any CPU = Release|Any CPU
	EndGlobalSection
	GlobalSection(ProjectConfigurationPlatforms) = postSolution
		{D6E9A499-13DA-4AAE-A204-65F8D62B7C2C}.Debug|Any CPU.ActiveCfg = Debug|Any CPU
		{D6E9A499-13DA-4AAE-A204-65F8D62B7C2C}.Debug|Any CPU.Build.0 = Debug|Any CPU
		{D6E9A499-13DA-4AAE-A204-65F8D62B7C2C}.Release|Any CPU.ActiveCfg = Release|Any CPU
		{D6E9A499-13DA-4AAE-A204-65F8D62B7C2C}.Release|Any CPU.Build.0 = Release|Any CPU
		{2B4522FD-1C2C-4473-8023-42CBC60E866C}.Debug|Any CPU.ActiveCfg = Debug|Any CPU
		{2B4522FD-1C2C-4473-8023-42CBC60E866C}.Debug|Any CPU.Build.0 = Debug|Any CPU
		{2B4522FD-1C2C-4473-8023-42CBC60E866C}.Release|Any CPU.ActiveCfg = Release|Any CPU
		{2B4522FD-1C2C-4473-8023-42CBC60E866C}.Release|Any CPU.Build.0 = Release|Any CPU
		{D6C6E5F5-0BEF-45E9-9854-DAE7E511D9F2}.Debug|Any CPU.ActiveCfg = Debug|Any CPU
		{D6C6E5F5-0BEF-45E9-9854-DAE7E511D9F2}.Debug|Any CPU.Build.0 = Debug|Any CPU
		{D6C6E5F5-0BEF-45E9-9854-DAE7E511D9F2}.Release|Any CPU.ActiveCfg = Release|Any CPU
		{D6C6E5F5-0BEF-45E9-9854-DAE7E511D9F2}.Release|Any CPU.Build.0 = Release|Any CPU
	EndGlobalSection
	GlobalSection(SolutionProperties) = preSolution
		HideSolutionNode = FALSE
	EndGlobalSection
	GlobalSection(ExtensibilityGlobals) = postSolution
		SolutionGuid = {D70AFEEB-6514-4E7F-88A4-C68A066B4D73}
	EndGlobalSection
EndGlobal
